
Microsoft Visual Studio Solution File, Format Version 12.00
# Visual Studio Version 16
VisualStudioVersion = 16.0.31025.194
MinimumVisualStudioVersion = 10.0.40219.1
Project("{FAE04EC0-301F-11D3-BF4B-00C04F79EFBC}") = "PlayerConceptDesign", "PlayerConceptDesign\PlayerConceptDesign.csproj", "{21149233-A338-4E3B-A9DA-6DCEC07B623E}"
EndProject
Global
	GlobalSection(SolutionConfigurationPlatforms) = preSolution
		Debug|Any CPU = Debug|Any CPU
		Release|Any CPU = Release|Any CPU
	EndGlobalSection
	GlobalSection(ProjectConfigurationPlatforms) = postSolution
		{21149233-A338-4E3B-A9DA-6DCEC07B623E}.Debug|Any CPU.ActiveCfg = Debug|Any CPU
		{21149233-A338-4E3B-A9DA-6DCEC07B623E}.Debug|Any CPU.Build.0 = Debug|Any CPU
		{21149233-A338-4E3B-A9DA-6DCEC07B623E}.Release|Any CPU.ActiveCfg = Release|Any CPU
		{21149233-A338-4E3B-A9DA-6DCEC07B623E}.Release|Any CPU.Build.0 = Release|Any CPU
	EndGlobalSection
	GlobalSection(SolutionProperties) = preSolution
		HideSolutionNode = FALSE
	EndGlobalSection
	GlobalSection(ExtensibilityGlobals) = postSolution
		SolutionGuid = {B8A7A5DC-C306-4890-B48A-852F20D095C8}
	EndGlobalSection
EndGlobal
